<?xml version="1.0" encoding="utf-8"?>
<Project ToolsVersion="4.0" xmlns="http://schemas.microsoft.com/developer/msbuild/2003">
  <ItemGroup>
    <ClCompile Include="main.cpp" />
    <ClCompile Include="server.cpp" />
    <ClCompile Include="..\DonSocket\Buffer.cpp">
      <Filter>DonSocket</Filter>
    </ClCompile>
    <ClCompile Include="..\DonSocket\Iocp.cpp">
      <Filter>DonSocket</Filter>
    </ClCompile>
    <ClCompile Include="..\DonSocket\Socket.cpp">
      <Filter>DonSocket</Filter>
    </ClCompile>
    <ClCompile Include="..\DonSocket\DonTcpClient.cpp">
      <Filter>DonSocket</Filter>
    </ClCompile>
    <ClCompile Include="..\DonSocket\DonTcpServer.cpp">
      <Filter>DonSocket</Filter>
    </ClCompile>
    <ClCompile Include="..\DonSocket\Epoll.cpp">
      <Filter>DonSocket</Filter>
    </ClCompile>
    <ClCompile Include="..\DonSocket\Select.cpp">
      <Filter>DonSocket</Filter>
    </ClCompile>
    <ClCompile Include="..\DonSocket\Kqueue.cpp">
      <Filter>DonSocket</Filter>
    </ClCompile>
    <ClCompile Include="server_command_callback.cpp" />
    <ClCompile Include="..\Util\Log.cpp">
      <Filter>Util</Filter>
    </ClCompile>
    <ClCompile Include="..\Util\Util.cpp">
      <Filter>Util</Filter>
    </ClCompile>
    <ClCompile Include="server_socket_callback.cpp" />
    <ClCompile Include="..\Util\Console.cpp">
      <Filter>Util</Filter>
    </ClCompile>
    <ClCompile Include="..\CommandEngine\CommandEngine.cpp">
      <Filter>CommandEngine</Filter>
    </ClCompile>
    <ClCompile Include="..\CommandEngine\CommandObject.cpp">
      <Filter>CommandEngine</Filter>
    </ClCompile>
    <ClCompile Include="..\CommandEngine\Executer.cpp">
      <Filter>CommandEngine</Filter>
    </ClCompile>
    <ClCompile Include="..\CommandEngine\ExecuterThread.cpp">
      <Filter>CommandEngine</Filter>
    </ClCompile>
    <ClCompile Include="cmd_broadcast.cpp" />
    <ClCompile Include="cmd_stat.cpp" />
  </ItemGroup>
  <ItemGroup>
    <ClInclude Include="server.h" />
    <ClInclude Include="..\DonSocket\Buffer.h">
      <Filter>DonSocket</Filter>
    </ClInclude>
    <ClInclude Include="..\DonSocket\Iocp.h">
      <Filter>DonSocket</Filter>
    </ClInclude>
    <ClInclude Include="..\DonSocket\Message.h">
      <Filter>DonSocket</Filter>
    </ClInclude>
    <ClInclude Include="..\DonSocket\Socket.h">
      <Filter>DonSocket</Filter>
    </ClInclude>
    <ClInclude Include="..\DonSocket\DonTcpClient.h">
      <Filter>DonSocket</Filter>
    </ClInclude>
    <ClInclude Include="..\DonSocket\DonTcpServer.h">
      <Filter>DonSocket</Filter>
    </ClInclude>
    <ClInclude Include="..\DonSocket\MemPool.h">
      <Filter>DonSocket</Filter>
    </ClInclude>
    <ClInclude Include="..\DonSocket\Epoll.h">
      <Filter>DonSocket</Filter>
    </ClInclude>
    <ClInclude Include="..\DonSocket\Select.h">
      <Filter>DonSocket</Filter>
    </ClInclude>
    <ClInclude Include="..\DonSocket\Kqueue.h">
      <Filter>DonSocket</Filter>
    </ClInclude>
    <ClInclude Include="..\DonSocket\Config.h">
      <Filter>DonSocket</Filter>
    </ClInclude>
    <ClInclude Include="server_command_callback.h" />
    <ClInclude Include="..\Util\Log.h">
      <Filter>Util</Filter>
    </ClInclude>
    <ClInclude Include="..\Util\Util.h">
      <Filter>Util</Filter>
    </ClInclude>
    <ClInclude Include="server_socket_callback.h" />
    <ClInclude Include="..\Util\Console.h">
      <Filter>Util</Filter>
    </ClInclude>
    <ClInclude Include="..\CommandEngine\CommandEngine.h">
      <Filter>CommandEngine</Filter>
    </ClInclude>
    <ClInclude Include="..\CommandEngine\CommandObject.h">
      <Filter>CommandEngine</Filter>
    </ClInclude>
    <ClInclude Include="..\CommandEngine\Executer.h">
      <Filter>CommandEngine</Filter>
    </ClInclude>
    <ClInclude Include="..\CommandEngine\ExecuterThread.h">
      <Filter>CommandEngine</Filter>
    </ClInclude>
    <ClInclude Include="cmd_broadcast.h" />
    <ClInclude Include="cmd_stat.h" />
  </ItemGroup>
  <ItemGroup>
    <Filter Include="DonSocket">
      <UniqueIdentifier>{447dfdf5-2c8b-44f4-8abe-3bdd036a2fe5}</UniqueIdentifier>
    </Filter>
    <Filter Include="Util">
      <UniqueIdentifier>{ad7d2a4a-be51-47ed-a036-14492d18826d}</UniqueIdentifier>
    </Filter>
    <Filter Include="CommandEngine">
      <UniqueIdentifier>{e90c818c-8953-484a-8fc3-2c0d5995d612}</UniqueIdentifier>
    </Filter>
  </ItemGroup>
  <ItemGroup>
    <Text Include="CMakeLists.txt" />
  </ItemGroup>
  <ItemGroup>
    <None Include="DonTcpServer.pro" />
  </ItemGroup>
</Project>